// !$*UTF8*$!
{
	archiveVersion = 1;
	classes = {
	};
	objectVersion = 50;
	objects = {

/* Begin PBXBuildFile section */
		5C020D6D21241A7800F8AFBB /* AppDelegate.m in Sources */ = {isa = PBXBuildFile; fileRef = 5C020D6C21241A7800F8AFBB /* AppDelegate.m */; };
		5C020D7021241A7800F8AFBB /* ViewController.m in Sources */ = {isa = PBXBuildFile; fileRef = 5C020D6F21241A7800F8AFBB /* ViewController.m */; };
		5C020D7321241A7800F8AFBB /* Main.storyboard in Resources */ = {isa = PBXBuildFile; fileRef = 5C020D7121241A7800F8AFBB /* Main.storyboard */; };
		5C020D7521241A7900F8AFBB /* Assets.xcassets in Resources */ = {isa = PBXBuildFile; fileRef = 5C020D7421241A7900F8AFBB /* Assets.xcassets */; };
		5C020D7821241A7900F8AFBB /* LaunchScreen.storyboard in Resources */ = {isa = PBXBuildFile; fileRef = 5C020D7621241A7900F8AFBB /* LaunchScreen.storyboard */; };
		5C020D7B21241A7900F8AFBB /* main.m in Sources */ = {isa = PBXBuildFile; fileRef = 5C020D7A21241A7900F8AFBB /* main.m */; };
		5C020D8521241A7900F8AFBB /* SHLabelPageViewExampleTests.m in Sources */ = {isa = PBXBuildFile; fileRef = 5C020D8421241A7900F8AFBB /* SHLabelPageViewExampleTests.m */; };
		5C020D9021241A7900F8AFBB /* SHLabelPageViewExampleUITests.m in Sources */ = {isa = PBXBuildFile; fileRef = 5C020D8F21241A7900F8AFBB /* SHLabelPageViewExampleUITests.m */; };
		5C020DA021241AE800F8AFBB /* SHLabelPageView.m in Sources */ = {isa = PBXBuildFile; fileRef = 5C020D9F21241AE800F8AFBB /* SHLabelPageView.m */; };
		5C5CFF812145F67900C95E90 /* UIView+SHExtension.m in Sources */ = {isa = PBXBuildFile; fileRef = 5C5CFF7F2145F67900C95E90 /* UIView+SHExtension.m */; };
/* End PBXBuildFile section */

/* Begin PBXContainerItemProxy section */
		5C020D8121241A7900F8AFBB /* PBXContainerItemProxy */ = {
			isa = PBXContainerItemProxy;
			containerPortal = 5C020D6021241A7800F8AFBB /* Project object */;
			proxyType = 1;
			remoteGlobalIDString = 5C020D6721241A7800F8AFBB;
			remoteInfo = SHLabelPageViewExample;
		};
		5C020D8C21241A7900F8AFBB /* PBXContainerItemProxy */ = {
			isa = PBXContainerItemProxy;
			containerPortal = 5C020D6021241A7800F8AFBB /* Project object */;
			proxyType = 1;
			remoteGlobalIDString = 5C020D6721241A7800F8AFBB;
			remoteInfo = SHLabelPageViewExample;
		};
/* End PBXContainerItemProxy section */

/* Begin PBXFileReference section */
		5C020D6821241A7800F8AFBB /* SHLabelPageViewExample.app */ = {isa = PBXFileReference; explicitFileType = wrapper.application; includeInIndex = 0; path = SHLabelPageViewExample.app; sourceTree = BUILT_PRODUCTS_DIR; };
		5C020D6B21241A7800F8AFBB /* AppDelegate.h */ = {isa = PBXFileReference; lastKnownFileType = sourcecode.c.h; path = AppDelegate.h; sourceTree = "<group>"; };
		5C020D6C21241A7800F8AFBB /* AppDelegate.m */ = {isa = PBXFileReference; lastKnownFileType = sourcecode.c.objc; path = AppDelegate.m; sourceTree = "<group>"; };
		5C020D6E21241A7800F8AFBB /* ViewController.h */ = {isa = PBXFileReference; lastKnownFileType = sourcecode.c.h; path = ViewController.h; sourceTree = "<group>"; };
		5C020D6F21241A7800F8AFBB /* ViewController.m */ = {isa = PBXFileReference; lastKnownFileType = sourcecode.c.objc; path = ViewController.m; sourceTree = "<group>"; };
		5C020D7221241A7800F8AFBB /* Base */ = {isa = PBXFileReference; lastKnownFileType = file.storyboard; name = Base; path = Base.lproj/Main.storyboard; sourceTree = "<group>"; };
		5C020D7421241A7900F8AFBB /* Assets.xcassets */ = {isa = PBXFileReference; lastKnownFileType = folder.assetcatalog; path = Assets.xcassets; sourceTree = "<group>"; };
		5C020D7721241A7900F8AFBB /* Base */ = {isa = PBXFileReference; lastKnownFileType = file.storyboard; name = Base; path = Base.lproj/LaunchScreen.storyboard; sourceTree = "<group>"; };
		5C020D7921241A7900F8AFBB /* Info.plist */ = {isa = PBXFileReference; lastKnownFileType = text.plist.xml; path = Info.plist; sourceTree = "<group>"; };
		5C020D7A21241A7900F8AFBB /* main.m */ = {isa = PBXFileReference; lastKnownFileType = sourcecode.c.objc; path = main.m; sourceTree = "<group>"; };
		5C020D8021241A7900F8AFBB /* SHLabelPageViewExampleTests.xctest */ = {isa = PBXFileReference; explicitFileType = wrapper.cfbundle; includeInIndex = 0; path = SHLabelPageViewExampleTests.xctest; sourceTree = BUILT_PRODUCTS_DIR; };
		5C020D8421241A7900F8AFBB /* SHLabelPageViewExampleTests.m */ = {isa = PBXFileReference; lastKnownFileType = sourcecode.c.objc; path = SHLabelPageViewExampleTests.m; sourceTree = "<group>"; };
		5C020D8621241A7900F8AFBB /* Info.plist */ = {isa = PBXFileReference; lastKnownFileType = text.plist.xml; path = Info.plist; sourceTree = "<group>"; };
		5C020D8B21241A7900F8AFBB /* SHLabelPageViewExampleUITests.xctest */ = {isa = PBXFileReference; explicitFileType = wrapper.cfbundle; includeInIndex = 0; path = SHLabelPageViewExampleUITests.xctest; sourceTree = BUILT_PRODUCTS_DIR; };
		5C020D8F21241A7900F8AFBB /* SHLabelPageViewExampleUITests.m */ = {isa = PBXFileReference; lastKnownFileType = sourcecode.c.objc; path = SHLabelPageViewExampleUITests.m; sourceTree = "<group>"; };
		5C020D9121241A7900F8AFBB /* Info.plist */ = {isa = PBXFileReference; lastKnownFileType = text.plist.xml; path = Info.plist; sourceTree = "<group>"; };
		5C020D9E21241AE800F8AFBB /* SHLabelPageView.h */ = {isa = PBXFileReference; fileEncoding = 4; lastKnownFileType = sourcecode.c.h; path = SHLabelPageView.h; sourceTree = "<group>"; };
		5C020D9F21241AE800F8AFBB /* SHLabelPageView.m */ = {isa = PBXFileReference; fileEncoding = 4; lastKnownFileType = sourcecode.c.objc; path = SHLabelPageView.m; sourceTree = "<group>"; };
		5C5CFF7F2145F67900C95E90 /* UIView+SHExtension.m */ = {isa = PBXFileReference; fileEncoding = 4; lastKnownFileType = sourcecode.c.objc; path = "UIView+SHExtension.m"; sourceTree = "<group>"; };
		5C5CFF802145F67900C95E90 /* UIView+SHExtension.h */ = {isa = PBXFileReference; fileEncoding = 4; lastKnownFileType = sourcecode.c.h; path = "UIView+SHExtension.h"; sourceTree = "<group>"; };
/* End PBXFileReference section */

/* Begin PBXFrameworksBuildPhase section */
		5C020D6521241A7800F8AFBB /* Frameworks */ = {
			isa = PBXFrameworksBuildPhase;
			buildActionMask = 2147483647;
			files = (
			);
			runOnlyForDeploymentPostprocessing = 0;
		};
		5C020D7D21241A7900F8AFBB /* Frameworks */ = {
			isa = PBXFrameworksBuildPhase;
			buildActionMask = 2147483647;
			files = (
			);
			runOnlyForDeploymentPostprocessing = 0;
		};
		5C020D8821241A7900F8AFBB /* Frameworks */ = {
			isa = PBXFrameworksBuildPhase;
			buildActionMask = 2147483647;
			files = (
			);
			runOnlyForDeploymentPostprocessing = 0;
		};
/* End PBXFrameworksBuildPhase section */

/* Begin PBXGroup section */
		5C020D5F21241A7800F8AFBB = {
			isa = PBXGroup;
			children = (
				5C020D6A21241A7800F8AFBB /* SHLabelPageViewExample */,
				5C020D8321241A7900F8AFBB /* SHLabelPageViewExampleTests */,
				5C020D8E21241A7900F8AFBB /* SHLabelPageViewExampleUITests */,
				5C020D6921241A7800F8AFBB /* Products */,
			);
			sourceTree = "<group>";
		};
		5C020D6921241A7800F8AFBB /* Products */ = {
			isa = PBXGroup;
			children = (
				5C020D6821241A7800F8AFBB /* SHLabelPageViewExample.app */,
				5C020D8021241A7900F8AFBB /* SHLabelPageViewExampleTests.xctest */,
				5C020D8B21241A7900F8AFBB /* SHLabelPageViewExampleUITests.xctest */,
			);
			name = Products;
			sourceTree = "<group>";
		};
		5C020D6A21241A7800F8AFBB /* SHLabelPageViewExample */ = {
			isa = PBXGroup;
			children = (
				5C5CFF7E2145F67900C95E90 /* UIView+SHExtension */,
				5C020D9D21241AE800F8AFBB /* SHLabelPageView */,
				5C020D6B21241A7800F8AFBB /* AppDelegate.h */,
				5C020D6C21241A7800F8AFBB /* AppDelegate.m */,
				5C020D6E21241A7800F8AFBB /* ViewController.h */,
				5C020D6F21241A7800F8AFBB /* ViewController.m */,
				5C020D7121241A7800F8AFBB /* Main.storyboard */,
				5C020D7421241A7900F8AFBB /* Assets.xcassets */,
				5C020D7621241A7900F8AFBB /* LaunchScreen.storyboard */,
				5C020D7921241A7900F8AFBB /* Info.plist */,
				5C020D7A21241A7900F8AFBB /* main.m */,
			);
			path = SHLabelPageViewExample;
			sourceTree = "<group>";
		};
		5C020D8321241A7900F8AFBB /* SHLabelPageViewExampleTests */ = {
			isa = PBXGroup;
			children = (
				5C020D8421241A7900F8AFBB /* SHLabelPageViewExampleTests.m */,
				5C020D8621241A7900F8AFBB /* Info.plist */,
			);
			path = SHLabelPageViewExampleTests;
			sourceTree = "<group>";
		};
		5C020D8E21241A7900F8AFBB /* SHLabelPageViewExampleUITests */ = {
			isa = PBXGroup;
			children = (
				5C020D8F21241A7900F8AFBB /* SHLabelPageViewExampleUITests.m */,
				5C020D9121241A7900F8AFBB /* Info.plist */,
			);
			path = SHLabelPageViewExampleUITests;
			sourceTree = "<group>";
		};
		5C020D9D21241AE800F8AFBB /* SHLabelPageView */ = {
			isa = PBXGroup;
			children = (
				5C020D9E21241AE800F8AFBB /* SHLabelPageView.h */,
				5C020D9F21241AE800F8AFBB /* SHLabelPageView.m */,
			);
			path = SHLabelPageView;
			sourceTree = "<group>";
		};
		5C5CFF7E2145F67900C95E90 /* UIView+SHExtension */ = {
			isa = PBXGroup;
			children = (
				5C5CFF802145F67900C95E90 /* UIView+SHExtension.h */,
				5C5CFF7F2145F67900C95E90 /* UIView+SHExtension.m */,
			);
			path = "UIView+SHExtension";
			sourceTree = "<group>";
		};
/* End PBXGroup section */

/* Begin PBXNativeTarget section */
		5C020D6721241A7800F8AFBB /* SHLabelPageViewExample */ = {
			isa = PBXNativeTarget;
			buildConfigurationList = 5C020D9421241A7900F8AFBB /* Build configuration list for PBXNativeTarget "SHLabelPageViewExample" */;
			buildPhases = (
				5C020D6421241A7800F8AFBB /* Sources */,
				5C020D6521241A7800F8AFBB /* Frameworks */,
				5C020D6621241A7800F8AFBB /* Resources */,
			);
			buildRules = (
			);
			dependencies = (
			);
			name = SHLabelPageViewExample;
			productName = SHLabelPageViewExample;
			productReference = 5C020D6821241A7800F8AFBB /* SHLabelPageViewExample.app */;
			productType = "com.apple.product-type.application";
		};
		5C020D7F21241A7900F8AFBB /* SHLabelPageViewExampleTests */ = {
			isa = PBXNativeTarget;
			buildConfigurationList = 5C020D9721241A7900F8AFBB /* Build configuration list for PBXNativeTarget "SHLabelPageViewExampleTests" */;
			buildPhases = (
				5C020D7C21241A7900F8AFBB /* Sources */,
				5C020D7D21241A7900F8AFBB /* Frameworks */,
				5C020D7E21241A7900F8AFBB /* Resources */,
			);
			buildRules = (
			);
			dependencies = (
				5C020D8221241A7900F8AFBB /* PBXTargetDependency */,
			);
			name = SHLabelPageViewExampleTests;
			productName = SHLabelPageViewExampleTests;
			productReference = 5C020D8021241A7900F8AFBB /* SHLabelPageViewExampleTests.xctest */;
			productType = "com.apple.product-type.bundle.unit-test";
		};
		5C020D8A21241A7900F8AFBB /* SHLabelPageViewExampleUITests */ = {
			isa = PBXNativeTarget;
			buildConfigurationList = 5C020D9A21241A7900F8AFBB /* Build configuration list for PBXNativeTarget "SHLabelPageViewExampleUITests" */;
			buildPhases = (
				5C020D8721241A7900F8AFBB /* Sources */,
				5C020D8821241A7900F8AFBB /* Frameworks */,
				5C020D8921241A7900F8AFBB /* Resources */,
			);
			buildRules = (
			);
			dependencies = (
				5C020D8D21241A7900F8AFBB /* PBXTargetDependency */,
			);
			name = SHLabelPageViewExampleUITests;
			productName = SHLabelPageViewExampleUITests;
			productReference = 5C020D8B21241A7900F8AFBB /* SHLabelPageViewExampleUITests.xctest */;
			productType = "com.apple.product-type.bundle.ui-testing";
		};
/* End PBXNativeTarget section */

/* Begin PBXProject section */
		5C020D6021241A7800F8AFBB /* Project object */ = {
			isa = PBXProject;
			attributes = {
				LastUpgradeCheck = 0940;
				ORGANIZATIONNAME = CSH;
				TargetAttributes = {
					5C020D6721241A7800F8AFBB = {
						CreatedOnToolsVersion = 9.4.1;
					};
					5C020D7F21241A7900F8AFBB = {
						CreatedOnToolsVersion = 9.4.1;
						TestTargetID = 5C020D6721241A7800F8AFBB;
					};
					5C020D8A21241A7900F8AFBB = {
						CreatedOnToolsVersion = 9.4.1;
						TestTargetID = 5C020D6721241A7800F8AFBB;
					};
				};
			};
			buildConfigurationList = 5C020D6321241A7800F8AFBB /* Build configuration list for PBXProject "SHLabelPageViewExample" */;
			compatibilityVersion = "Xcode 9.3";
			developmentRegion = en;
			hasScannedForEncodings = 0;
			knownRegions = (
				en,
				Base,
			);
			mainGroup = 5C020D5F21241A7800F8AFBB;
			productRefGroup = 5C020D6921241A7800F8AFBB /* Products */;
			projectDirPath = "";
			projectRoot = "";
			targets = (
				5C020D6721241A7800F8AFBB /* SHLabelPageViewExample */,
				5C020D7F21241A7900F8AFBB /* SHLabelPageViewExampleTests */,
				5C020D8A21241A7900F8AFBB /* SHLabelPageViewExampleUITests */,
			);
		};
/* End PBXProject section */

/* Begin PBXResourcesBuildPhase section */
		5C020D6621241A7800F8AFBB /* Resources */ = {
			isa = PBXResourcesBuildPhase;
			buildActionMask = 2147483647;
			files = (
				5C020D7821241A7900F8AFBB /* LaunchScreen.storyboard in Resources */,
				5C020D7521241A7900F8AFBB /* Assets.xcassets in Resources */,
				5C020D7321241A7800F8AFBB /* Main.storyboard in Resources */,
			);
			runOnlyForDeploymentPostprocessing = 0;
		};
		5C020D7E21241A7900F8AFBB /* Resources */ = {
			isa = PBXResourcesBuildPhase;
			buildActionMask = 2147483647;
			files = (
			);
			runOnlyForDeploymentPostprocessing = 0;
		};
		5C020D8921241A7900F8AFBB /* Resources */ = {
			isa = PBXResourcesBuildPhase;
			buildActionMask = 2147483647;
			files = (
			);
			runOnlyForDeploymentPostprocessing = 0;
		};
/* End PBXResourcesBuildPhase section */

/* Begin PBXSourcesBuildPhase section */
		5C020D6421241A7800F8AFBB /* Sources */ = {
			isa = PBXSourcesBuildPhase;
			buildActionMask = 2147483647;
			files = (
				5C020D7021241A7800F8AFBB /* ViewController.m in Sources */,
				5C020D7B21241A7900F8AFBB /* main.m in Sources */,
				5C020D6D21241A7800F8AFBB /* AppDelegate.m in Sources */,
				5C020DA021241AE800F8AFBB /* SHLabelPageView.m in Sources */,
				5C5CFF812145F67900C95E90 /* UIView+SHExtension.m in Sources */,
			);
			runOnlyForDeploymentPostprocessing = 0;
		};
		5C020D7C21241A7900F8AFBB /* Sources */ = {
			isa = PBXSourcesBuildPhase;
			buildActionMask = 2147483647;
			files = (
				5C020D8521241A7900F8AFBB /* SHLabelPageViewExampleTests.m in Sources */,
			);
			runOnlyForDeploymentPostprocessing = 0;
		};
		5C020D8721241A7900F8AFBB /* Sources */ = {
			isa = PBXSourcesBuildPhase;
			buildActionMask = 2147483647;
			files = (
				5C020D9021241A7900F8AFBB /* SHLabelPageViewExampleUITests.m in Sources */,
			);
			runOnlyForDeploymentPostprocessing = 0;
		};
/* End PBXSourcesBuildPhase section */

/* Begin PBXTargetDependency section */
		5C020D8221241A7900F8AFBB /* PBXTargetDependency */ = {
			isa = PBXTargetDependency;
			target = 5C020D6721241A7800F8AFBB /* SHLabelPageViewExample */;
			targetProxy = 5C020D8121241A7900F8AFBB /* PBXContainerItemProxy */;
		};
		5C020D8D21241A7900F8AFBB /* PBXTargetDependency */ = {
			isa = PBXTargetDependency;
			target = 5C020D6721241A7800F8AFBB /* SHLabelPageViewExample */;
			targetProxy = 5C020D8C21241A7900F8AFBB /* PBXContainerItemProxy */;
		};
/* End PBXTargetDependency section */

/* Begin PBXVariantGroup section */
		5C020D7121241A7800F8AFBB /* Main.storyboard */ = {
			isa = PBXVariantGroup;
			children = (
				5C020D7221241A7800F8AFBB /* Base */,
			);
			name = Main.storyboard;
			sourceTree = "<group>";
		};
		5C020D7621241A7900F8AFBB /* LaunchScreen.storyboard */ = {
			isa = PBXVariantGroup;
			children = (
				5C020D7721241A7900F8AFBB /* Base */,
			);
			name = LaunchScreen.storyboard;
			sourceTree = "<group>";
		};
/* End PBXVariantGroup section */

/* Begin XCBuildConfiguration section */
		5C020D9221241A7900F8AFBB /* Debug */ = {
			isa = XCBuildConfiguration;
			buildSettings = {
				ALWAYS_SEARCH_USER_PATHS = NO;
				CLANG_ANALYZER_NONNULL = YES;
				CLANG_ANALYZER_NUMBER_OBJECT_CONVERSION = YES_AGGRESSIVE;
				CLANG_CXX_LANGUAGE_STANDARD = "gnu++14";
				CLANG_CXX_LIBRARY = "libc++";
				CLANG_ENABLE_MODULES = YES;
				CLANG_ENABLE_OBJC_ARC = YES;
				CLANG_ENABLE_OBJC_WEAK = YES;
				CLANG_WARN_BLOCK_CAPTURE_AUTORELEASING = YES;
				CLANG_WARN_BOOL_CONVERSION = YES;
				CLANG_WARN_COMMA = YES;
				CLANG_WARN_CONSTANT_CONVERSION = YES;
				CLANG_WARN_DEPRECATED_OBJC_IMPLEMENTATIONS = YES;
				CLANG_WARN_DIRECT_OBJC_ISA_USAGE = YES_ERROR;
				CLANG_WARN_DOCUMENTATION_COMMENTS = YES;
				CLANG_WARN_EMPTY_BODY = YES;
				CLANG_WARN_ENUM_CONVERSION = YES;
				CLANG_WARN_INFINITE_RECURSION = YES;
				CLANG_WARN_INT_CONVERSION = YES;
				CLANG_WARN_NON_LITERAL_NULL_CONVERSION = YES;
				CLANG_WARN_OBJC_IMPLICIT_RETAIN_SELF = YES;
				CLANG_WARN_OBJC_LITERAL_CONVERSION = YES;
				CLANG_WARN_OBJC_ROOT_CLASS = YES_ERROR;
				CLANG_WARN_RANGE_LOOP_ANALYSIS = YES;
				CLANG_WARN_STRICT_PROTOTYPES = YES;
				CLANG_WARN_SUSPICIOUS_MOVE = YES;
				CLANG_WARN_UNGUARDED_AVAILABILITY = YES_AGGRESSIVE;
				CLANG_WARN_UNREACHABLE_CODE = YES;
				CLANG_WARN__DUPLICATE_METHOD_MATCH = YES;
				CODE_SIGN_IDENTITY = "iPhone Developer";
				COPY_PHASE_STRIP = NO;
				DEBUG_INFORMATION_FORMAT = dwarf;
				ENABLE_STRICT_OBJC_MSGSEND = YES;
				ENABLE_TESTABILITY = YES;
				GCC_C_LANGUAGE_STANDARD = gnu11;
				GCC_DYNAMIC_NO_PIC = NO;
				GCC_NO_COMMON_BLOCKS = YES;
				GCC_OPTIMIZATION_LEVEL = 0;
				GCC_PREPROCESSOR_DEFINITIONS = (
					"DEBUG=1",
					"$(inherited)",
				);
				GCC_WARN_64_TO_32_BIT_CONVERSION = YES;
				GCC_WARN_ABOUT_RETURN_TYPE = YES_ERROR;
				GCC_WARN_UNDECLARED_SELECTOR = YES;
				GCC_WARN_UNINITIALIZED_AUTOS = YES_AGGRESSIVE;
				GCC_WARN_UNUSED_FUNCTION = YES;
				GCC_WARN_UNUSED_VARIABLE = YES;
				IPHONEOS_DEPLOYMENT_TARGET = 11.4;
				MTL_ENABLE_DEBUG_INFO = YES;
				ONLY_ACTIVE_ARCH = YES;
				SDKROOT = iphoneos;
			};
			name = Debug;
		};
		5C020D9321241A7900F8AFBB /* Release */ = {
			isa = XCBuildConfiguration;
			buildSettings = {
				ALWAYS_SEARCH_USER_PATHS = NO;
				CLANG_ANALYZER_NONNULL = YES;
				CLANG_ANALYZER_NUMBER_OBJECT_CONVERSION = YES_AGGRESSIVE;
				CLANG_CXX_LANGUAGE_STANDARD = "gnu++14";
				CLANG_CXX_LIBRARY = "libc++";
				CLANG_ENABLE_MODULES = YES;
				CLANG_ENABLE_OBJC_ARC = YES;
				CLANG_ENABLE_OBJC_WEAK = YES;
				CLANG_WARN_BLOCK_CAPTURE_AUTORELEASING = YES;
				CLANG_WARN_BOOL_CONVERSION = YES;
				CLANG_WARN_COMMA = YES;
				CLANG_WARN_CONSTANT_CONVERSION = YES;
				CLANG_WARN_DEPRECATED_OBJC_IMPLEMENTATIONS = YES;
				CLANG_WARN_DIRECT_OBJC_ISA_USAGE = YES_ERROR;
				CLANG_WARN_DOCUMENTATION_COMMENTS = YES;
				CLANG_WARN_EMPTY_BODY = YES;
				CLANG_WARN_ENUM_CONVERSION = YES;
				CLANG_WARN_INFINITE_RECURSION = YES;
				CLANG_WARN_INT_CONVERSION = YES;
				CLANG_WARN_NON_LITERAL_NULL_CONVERSION = YES;
				CLANG_WARN_OBJC_IMPLICIT_RETAIN_SELF = YES;
				CLANG_WARN_OBJC_LITERAL_CONVERSION = YES;
				CLANG_WARN_OBJC_ROOT_CLASS = YES_ERROR;
				CLANG_WARN_RANGE_LOOP_ANALYSIS = YES;
				CLANG_WARN_STRICT_PROTOTYPES = YES;
				CLANG_WARN_SUSPICIOUS_MOVE = YES;
				CLANG_WARN_UNGUARDED_AVAILABILITY = YES_AGGRESSIVE;
				CLANG_WARN_UNREACHABLE_CODE = YES;
				CLANG_WARN__DUPLICATE_METHOD_MATCH = YES;
				CODE_SIGN_IDENTITY = "iPhone Developer";
				COPY_PHASE_STRIP = NO;
				DEBUG_INFORMATION_FORMAT = "dwarf-with-dsym";
				ENABLE_NS_ASSERTIONS = NO;
				ENABLE_STRICT_OBJC_MSGSEND = YES;
				GCC_C_LANGUAGE_STANDARD = gnu11;
				GCC_NO_COMMON_BLOCKS = YES;
				GCC_WARN_64_TO_32_BIT_CONVERSION = YES;
				GCC_WARN_ABOUT_RETURN_TYPE = YES_ERROR;
				GCC_WARN_UNDECLARED_SELECTOR = YES;
				GCC_WARN_UNINITIALIZED_AUTOS = YES_AGGRESSIVE;
				GCC_WARN_UNUSED_FUNCTION = YES;
				GCC_WARN_UNUSED_VARIABLE = YES;
				IPHONEOS_DEPLOYMENT_TARGET = 11.4;
				MTL_ENABLE_DEBUG_INFO = NO;
				SDKROOT = iphoneos;
				VALIDATE_PRODUCT = YES;
			};
			name = Release;
		};
		5C020D9521241A7900F8AFBB /* Debug */ = {
			isa = XCBuildConfiguration;
			buildSettings = {
				ASSETCATALOG_COMPILER_APPICON_NAME = AppIcon;
				CODE_SIGN_STYLE = Automatic;
				DEVELOPMENT_TEAM = YHGV678NGG;
				INFOPLIST_FILE = SHLabelPageViewExample/Info.plist;
				IPHONEOS_DEPLOYMENT_TARGET = 8.0;
				LD_RUNPATH_SEARCH_PATHS = (
					"$(inherited)",
					"@executable_path/Frameworks",
				);
				PRODUCT_BUNDLE_IDENTIFIER = csh.SHLabelPageViewExample;
				PRODUCT_NAME = "$(TARGET_NAME)";
				TARGETED_DEVICE_FAMILY = "1,2";
			};
			name = Debug;
		};
		5C020D9621241A7900F8AFBB /* Release */ = {
			isa = XCBuildConfiguration;
			buildSettings = {
				ASSETCATALOG_COMPILER_APPICON_NAME = AppIcon;
				CODE_SIGN_STYLE = Automatic;
				DEVELOPMENT_TEAM = YHGV678NGG;
				INFOPLIST_FILE = SHLabelPageViewExample/Info.plist;
				IPHONEOS_DEPLOYMENT_TARGET = 8.0;
				LD_RUNPATH_SEARCH_PATHS = (
					"$(inherited)",
					"@executable_path/Frameworks",
				);
				PRODUCT_BUNDLE_IDENTIFIER = csh.SHLabelPageViewExample;
				PRODUCT_NAME = "$(TARGET_NAME)";
				TARGETED_DEVICE_FAMILY = "1,2";
			};
			name = Release;
		};
		5C020D9821241A7900F8AFBB /* Debug */ = {
			isa = XCBuildConfiguration;
			buildSettings = {
				BUNDLE_LOADER = "$(TEST_HOST)";
				CODE_SIGN_STYLE = Automatic;
				INFOPLIST_FILE = SHLabelPageViewExampleTests/Info.plist;
				LD_RUNPATH_SEARCH_PATHS = (
					"$(inherited)",
					"@executable_path/Frameworks",
					"@loader_path/Frameworks",
				);
				PRODUCT_BUNDLE_IDENTIFIER = csh.SHLabelPageViewExampleTests;
				PRODUCT_NAME = "$(TARGET_NAME)";
				TARGETED_DEVICE_FAMILY = "1,2";
				TEST_HOST = "$(BUILT_PRODUCTS_DIR)/SHLabelPageViewExample.app/SHLabelPageViewExample";
			};
			name = Debug;
		};
		5C020D9921241A7900F8AFBB /* Release */ = {
			isa = XCBuildConfiguration;
			buildSettings = {
				BUNDLE_LOADER = "$(TEST_HOST)";
				CODE_SIGN_STYLE = Automatic;
				INFOPLIST_FILE = SHLabelPageViewExampleTests/Info.plist;
				LD_RUNPATH_SEARCH_PATHS = (
					"$(inherited)",
					"@executable_path/Frameworks",
					"@loader_path/Frameworks",
				);
				PRODUCT_BUNDLE_IDENTIFIER = csh.SHLabelPageViewExampleTests;
				PRODUCT_NAME = "$(TARGET_NAME)";
				TARGETED_DEVICE_FAMILY = "1,2";
				TEST_HOST = "$(BUILT_PRODUCTS_DIR)/SHLabelPageViewExample.app/SHLabelPageViewExample";
			};
			name = Release;
		};
		5C020D9B21241A7900F8AFBB /* Debug */ = {
			isa = XCBuildConfiguration;
			buildSettings = {
				CODE_SIGN_STYLE = Automatic;
				INFOPLIST_FILE = SHLabelPageViewExampleUITests/Info.plist;
				LD_RUNPATH_SEARCH_PATHS = (
					"$(inherited)",
					"@executable_path/Frameworks",
					"@loader_path/Frameworks",
				);
				PRODUCT_BUNDLE_IDENTIFIER = csh.SHLabelPageViewExampleUITests;
				PRODUCT_NAME = "$(TARGET_NAME)";
				TARGETED_DEVICE_FAMILY = "1,2";
				TEST_TARGET_NAME = SHLabelPageViewExample;
			};
			name = Debug;
		};
		5C020D9C21241A7900F8AFBB /* Release */ = {
			isa = XCBuildConfiguration;
			buildSettings = {
				CODE_SIGN_STYLE = Automatic;
				INFOPLIST_FILE = SHLabelPageViewExampleUITests/Info.plist;
				LD_RUNPATH_SEARCH_PATHS = (
					"$(inherited)",
					"@executable_path/Frameworks",
					"@loader_path/Frameworks",
				);
				PRODUCT_BUNDLE_IDENTIFIER = csh.SHLabelPageViewExampleUITests;
				PRODUCT_NAME = "$(TARGET_NAME)";
				TARGETED_DEVICE_FAMILY = "1,2";
				TEST_TARGET_NAME = SHLabelPageViewExample;
			};
			name = Release;
		};
/* End XCBuildConfiguration section */

/* Begin XCConfigurationList section */
		5C020D6321241A7800F8AFBB /* Build configuration list for PBXProject "SHLabelPageViewExample" */ = {
			isa = XCConfigurationList;
			buildConfigurations = (
				5C020D9221241A7900F8AFBB /* Debug */,
				5C020D9321241A7900F8AFBB /* Release */,
			);
			defaultConfigurationIsVisible = 0;
			defaultConfigurationName = Release;
		};
		5C020D9421241A7900F8AFBB /* Build configuration list for PBXNativeTarget "SHLabelPageViewExample" */ = {
			isa = XCConfigurationList;
			buildConfigurations = (
				5C020D9521241A7900F8AFBB /* Debug */,
				5C020D9621241A7900F8AFBB /* Release */,
			);
			defaultConfigurationIsVisible = 0;
			defaultConfigurationName = Release;
		};
		5C020D9721241A7900F8AFBB /* Build configuration list for PBXNativeTarget "SHLabelPageViewExampleTests" */ = {
			isa = XCConfigurationList;
			buildConfigurations = (
				5C020D9821241A7900F8AFBB /* Debug */,
				5C020D9921241A7900F8AFBB /* Release */,
			);
			defaultConfigurationIsVisible = 0;
			defaultConfigurationName = Release;
		};
		5C020D9A21241A7900F8AFBB /* Build configuration list for PBXNativeTarget "SHLabelPageViewExampleUITests" */ = {
			isa = XCConfigurationList;
			buildConfigurations = (
				5C020D9B21241A7900F8AFBB /* Debug */,
				5C020D9C21241A7900F8AFBB /* Release */,
			);
			defaultConfigurationIsVisible = 0;
			defaultConfigurationName = Release;
		};
/* End XCConfigurationList section */
	};
	rootObject = 5C020D6021241A7800F8AFBB /* Project object */;
}
